
Microsoft Visual Studio Solution File, Format Version 12.00
# Visual Studio 15
VisualStudioVersion = 15.0.28307.136
MinimumVisualStudioVersion = 10.0.40219.1
Project("{FAE04EC0-301F-11D3-BF4B-00C04F79EFBC}") = "Rent.Business", "Rent.Business\Rent.Business.csproj", "{801F100A-8464-428E-8F03-2C5F9271A3FE}"
EndProject
Project("{FAE04EC0-301F-11D3-BF4B-00C04F79EFBC}") = "Rent.Data", "Rent.Data\Rent.Data.csproj", "{99B9530C-FF39-43AE-98CA-637239D1CD87}"
EndProject
Project("{FAE04EC0-301F-11D3-BF4B-00C04F79EFBC}") = "Rent.Model", "Rent.Model\Rent.Model.csproj", "{79AB0FA2-A58F-47E3-BAA9-B40820A07B07}"
EndProject
Global
	GlobalSection(SolutionConfigurationPlatforms) = preSolution
		Debug|Any CPU = Debug|Any CPU
		Release|Any CPU = Release|Any CPU
	EndGlobalSection
	GlobalSection(ProjectConfigurationPlatforms) = postSolution
		{801F100A-8464-428E-8F03-2C5F9271A3FE}.Debug|Any CPU.ActiveCfg = Debug|Any CPU
		{801F100A-8464-428E-8F03-2C5F9271A3FE}.Debug|Any CPU.Build.0 = Debug|Any CPU
		{801F100A-8464-428E-8F03-2C5F9271A3FE}.Release|Any CPU.ActiveCfg = Release|Any CPU
		{801F100A-8464-428E-8F03-2C5F9271A3FE}.Release|Any CPU.Build.0 = Release|Any CPU
		{99B9530C-FF39-43AE-98CA-637239D1CD87}.Debug|Any CPU.ActiveCfg = Debug|Any CPU
		{99B9530C-FF39-43AE-98CA-637239D1CD87}.Debug|Any CPU.Build.0 = Debug|Any CPU
		{99B9530C-FF39-43AE-98CA-637239D1CD87}.Release|Any CPU.ActiveCfg = Release|Any CPU
		{99B9530C-FF39-43AE-98CA-637239D1CD87}.Release|Any CPU.Build.0 = Release|Any CPU
		{79AB0FA2-A58F-47E3-BAA9-B40820A07B07}.Debug|Any CPU.ActiveCfg = Debug|Any CPU
		{79AB0FA2-A58F-47E3-BAA9-B40820A07B07}.Debug|Any CPU.Build.0 = Debug|Any CPU
		{79AB0FA2-A58F-47E3-BAA9-B40820A07B07}.Release|Any CPU.ActiveCfg = Release|Any CPU
		{79AB0FA2-A58F-47E3-BAA9-B40820A07B07}.Release|Any CPU.Build.0 = Release|Any CPU
	EndGlobalSection
	GlobalSection(SolutionProperties) = preSolution
		HideSolutionNode = FALSE
	EndGlobalSection
	GlobalSection(ExtensibilityGlobals) = postSolution
		SolutionGuid = {3FA25AFB-EBB8-4155-BC07-532187FD74C7}
	EndGlobalSection
EndGlobal
